
Microsoft Visual Studio Solution File, Format Version 12.00
# Visual Studio Version 17
VisualStudioVersion = 17.14.36327.8
MinimumVisualStudioVersion = 10.0.40219.1
Project("{FAE04EC0-301F-11D3-BF4B-00C04F79EFBC}") = "NicoPasino", "NicoPasino\NicoPasino.csproj", "{234A4737-DFF0-4426-9117-FE94A5AE47C3}"
EndProject
Project("{FAE04EC0-301F-11D3-BF4B-00C04F79EFBC}") = "NicoPasino.Servicios", "NicoPasino.Servicios\NicoPasino.Servicios.csproj", "{E7587450-14A2-4B7F-85E6-6A93660F0AE6}"
EndProject
Project("{FAE04EC0-301F-11D3-BF4B-00C04F79EFBC}") = "NicoPasino.Core", "NicoPasino.Core\NicoPasino.Core.csproj", "{1B628C92-8ACA-45FE-BAED-577217A23C74}"
EndProject
Project("{FAE04EC0-301F-11D3-BF4B-00C04F79EFBC}") = "NicoPasino.Infra", "NicoPasino.Infra\NicoPasino.Infra.csproj", "{C96CF8CF-3E7A-4720-8F4E-B9833D6C6B24}"
EndProject
Project("{FAE04EC0-301F-11D3-BF4B-00C04F79EFBC}") = "NicoPasino.Tests", "NicoPasino.Tests\NicoPasino.Tests.csproj", "{EB8F6A51-342B-4FC6-BAB0-8F1CC60B7900}"
EndProject
Global
	GlobalSection(SolutionConfigurationPlatforms) = preSolution
		Debug|Any CPU = Debug|Any CPU
		Debug|x64 = Debug|x64
		Debug|x86 = Debug|x86
		Release|Any CPU = Release|Any CPU
		Release|x64 = Release|x64
		Release|x86 = Release|x86
	EndGlobalSection
	GlobalSection(ProjectConfigurationPlatforms) = postSolution
		{234A4737-DFF0-4426-9117-FE94A5AE47C3}.Debug|Any CPU.ActiveCfg = Debug|Any CPU
		{234A4737-DFF0-4426-9117-FE94A5AE47C3}.Debug|Any CPU.Build.0 = Debug|Any CPU
		{234A4737-DFF0-4426-9117-FE94A5AE47C3}.Debug|x64.ActiveCfg = Debug|Any CPU
		{234A4737-DFF0-4426-9117-FE94A5AE47C3}.Debug|x64.Build.0 = Debug|Any CPU
		{234A4737-DFF0-4426-9117-FE94A5AE47C3}.Debug|x86.ActiveCfg = Debug|Any CPU
		{234A4737-DFF0-4426-9117-FE94A5AE47C3}.Debug|x86.Build.0 = Debug|Any CPU
		{234A4737-DFF0-4426-9117-FE94A5AE47C3}.Release|Any CPU.ActiveCfg = Release|Any CPU
		{234A4737-DFF0-4426-9117-FE94A5AE47C3}.Release|Any CPU.Build.0 = Release|Any CPU
		{234A4737-DFF0-4426-9117-FE94A5AE47C3}.Release|x64.ActiveCfg = Release|Any CPU
		{234A4737-DFF0-4426-9117-FE94A5AE47C3}.Release|x64.Build.0 = Release|Any CPU
		{234A4737-DFF0-4426-9117-FE94A5AE47C3}.Release|x86.ActiveCfg = Release|Any CPU
		{234A4737-DFF0-4426-9117-FE94A5AE47C3}.Release|x86.Build.0 = Release|Any CPU
		{E7587450-14A2-4B7F-85E6-6A93660F0AE6}.Debug|Any CPU.ActiveCfg = Debug|Any CPU
		{E7587450-14A2-4B7F-85E6-6A93660F0AE6}.Debug|Any CPU.Build.0 = Debug|Any CPU
		{E7587450-14A2-4B7F-85E6-6A93660F0AE6}.Debug|x64.ActiveCfg = Debug|Any CPU
		{E7587450-14A2-4B7F-85E6-6A93660F0AE6}.Debug|x64.Build.0 = Debug|Any CPU
		{E7587450-14A2-4B7F-85E6-6A93660F0AE6}.Debug|x86.ActiveCfg = Debug|Any CPU
		{E7587450-14A2-4B7F-85E6-6A93660F0AE6}.Debug|x86.Build.0 = Debug|Any CPU
		{E7587450-14A2-4B7F-85E6-6A93660F0AE6}.Release|Any CPU.ActiveCfg = Release|Any CPU
		{E7587450-14A2-4B7F-85E6-6A93660F0AE6}.Release|Any CPU.Build.0 = Release|Any CPU
		{E7587450-14A2-4B7F-85E6-6A93660F0AE6}.Release|x64.ActiveCfg = Release|Any CPU
		{E7587450-14A2-4B7F-85E6-6A93660F0AE6}.Release|x64.Build.0 = Release|Any CPU
		{E7587450-14A2-4B7F-85E6-6A93660F0AE6}.Release|x86.ActiveCfg = Release|Any CPU
		{E7587450-14A2-4B7F-85E6-6A93660F0AE6}.Release|x86.Build.0 = Release|Any CPU
		{1B628C92-8ACA-45FE-BAED-577217A23C74}.Debug|Any CPU.ActiveCfg = Debug|Any CPU
		{1B628C92-8ACA-45FE-BAED-577217A23C74}.Debug|Any CPU.Build.0 = Debug|Any CPU
		{1B628C92-8ACA-45FE-BAED-577217A23C74}.Debug|x64.ActiveCfg = Debug|Any CPU
		{1B628C92-8ACA-45FE-BAED-577217A23C74}.Debug|x64.Build.0 = Debug|Any CPU
		{1B628C92-8ACA-45FE-BAED-577217A23C74}.Debug|x86.ActiveCfg = Debug|Any CPU
		{1B628C92-8ACA-45FE-BAED-577217A23C74}.Debug|x86.Build.0 = Debug|Any CPU
		{1B628C92-8ACA-45FE-BAED-577217A23C74}.Release|Any CPU.ActiveCfg = Release|Any CPU
		{1B628C92-8ACA-45FE-BAED-577217A23C74}.Release|Any CPU.Build.0 = Release|Any CPU
		{1B628C92-8ACA-45FE-BAED-577217A23C74}.Release|x64.ActiveCfg = Release|Any CPU
		{1B628C92-8ACA-45FE-BAED-577217A23C74}.Release|x64.Build.0 = Release|Any CPU
		{1B628C92-8ACA-45FE-BAED-577217A23C74}.Release|x86.ActiveCfg = Release|Any CPU
		{1B628C92-8ACA-45FE-BAED-577217A23C74}.Release|x86.Build.0 = Release|Any CPU
		{C96CF8CF-3E7A-4720-8F4E-B9833D6C6B24}.Debug|Any CPU.ActiveCfg = Debug|Any CPU
		{C96CF8CF-3E7A-4720-8F4E-B9833D6C6B24}.Debug|Any CPU.Build.0 = Debug|Any CPU
		{C96CF8CF-3E7A-4720-8F4E-B9833D6C6B24}.Debug|x64.ActiveCfg = Debug|Any CPU
		{C96CF8CF-3E7A-4720-8F4E-B9833D6C6B24}.Debug|x64.Build.0 = Debug|Any CPU
		{C96CF8CF-3E7A-4720-8F4E-B9833D6C6B24}.Debug|x86.ActiveCfg = Debug|Any CPU
		{C96CF8CF-3E7A-4720-8F4E-B9833D6C6B24}.Debug|x86.Build.0 = Debug|Any CPU
		{C96CF8CF-3E7A-4720-8F4E-B9833D6C6B24}.Release|Any CPU.ActiveCfg = Release|Any CPU
		{C96CF8CF-3E7A-4720-8F4E-B9833D6C6B24}.Release|Any CPU.Build.0 = Release|Any CPU
		{C96CF8CF-3E7A-4720-8F4E-B9833D6C6B24}.Release|x64.ActiveCfg = Release|Any CPU
		{C96CF8CF-3E7A-4720-8F4E-B9833D6C6B24}.Release|x64.Build.0 = Release|Any CPU
		{C96CF8CF-3E7A-4720-8F4E-B9833D6C6B24}.Release|x86.ActiveCfg = Release|Any CPU
		{C96CF8CF-3E7A-4720-8F4E-B9833D6C6B24}.Release|x86.Build.0 = Release|Any CPU
		{EB8F6A51-342B-4FC6-BAB0-8F1CC60B7900}.Debug|Any CPU.ActiveCfg = Debug|Any CPU
		{EB8F6A51-342B-4FC6-BAB0-8F1CC60B7900}.Debug|Any CPU.Build.0 = Debug|Any CPU
		{EB8F6A51-342B-4FC6-BAB0-8F1CC60B7900}.Debug|x64.ActiveCfg = Debug|Any CPU
		{EB8F6A51-342B-4FC6-BAB0-8F1CC60B7900}.Debug|x64.Build.0 = Debug|Any CPU
		{EB8F6A51-342B-4FC6-BAB0-8F1CC60B7900}.Debug|x86.ActiveCfg = Debug|Any CPU
		{EB8F6A51-342B-4FC6-BAB0-8F1CC60B7900}.Debug|x86.Build.0 = Debug|Any CPU
		{EB8F6A51-342B-4FC6-BAB0-8F1CC60B7900}.Release|Any CPU.ActiveCfg = Release|Any CPU
		{EB8F6A51-342B-4FC6-BAB0-8F1CC60B7900}.Release|Any CPU.Build.0 = Release|Any CPU
		{EB8F6A51-342B-4FC6-BAB0-8F1CC60B7900}.Release|x64.ActiveCfg = Release|Any CPU
		{EB8F6A51-342B-4FC6-BAB0-8F1CC60B7900}.Release|x64.Build.0 = Release|Any CPU
		{EB8F6A51-342B-4FC6-BAB0-8F1CC60B7900}.Release|x86.ActiveCfg = Release|Any CPU
		{EB8F6A51-342B-4FC6-BAB0-8F1CC60B7900}.Release|x86.Build.0 = Release|Any CPU
	EndGlobalSection
	GlobalSection(SolutionProperties) = preSolution
		HideSolutionNode = FALSE
	EndGlobalSection
	GlobalSection(ExtensibilityGlobals) = postSolution
		SolutionGuid = {C63A255F-C607-4A2F-B89E-43C6C559268D}
	EndGlobalSection
EndGlobal
